// !$*UTF8*$!
{
	archiveVersion = 1;
	classes = {
	};
	objectVersion = 56;
	objects = {

/* Begin PBXBuildFile section */
		500ACAF728DCCBB000D74219 /* paint.cpp in Sources */ = {isa = PBXBuildFile; fileRef = 500ACAF028DCCBB000D74219 /* paint.cpp */; };
		500ACAF828DCCBB000D74219 /* ooptool.cpp in Sources */ = {isa = PBXBuildFile; fileRef = 500ACAF128DCCBB000D74219 /* ooptool.cpp */; };
		500ACAF928DCCBB000D74219 /* ooptoolg.cpp in Sources */ = {isa = PBXBuildFile; fileRef = 500ACAF528DCCBB000D74219 /* ooptoolg.cpp */; };
		500ACAFA28DCCBB000D74219 /* GraphicObject.cpp in Sources */ = {isa = PBXBuildFile; fileRef = 500ACAF628DCCBB000D74219 /* GraphicObject.cpp */; };
/* End PBXBuildFile section */

/* Begin PBXCopyFilesBuildPhase section */
		500ACAE428DCCB3800D74219 /* CopyFiles */ = {
			isa = PBXCopyFilesBuildPhase;
			buildActionMask = 2147483647;
			dstPath = /usr/share/man/man1/;
			dstSubfolderSpec = 0;
			files = (
			);
			runOnlyForDeploymentPostprocessing = 1;
		};
/* End PBXCopyFilesBuildPhase section */

/* Begin PBXFileReference section */
		500ACAE628DCCB3800D74219 /* a3 */ = {isa = PBXFileReference; explicitFileType = "compiled.mach-o.executable"; includeInIndex = 0; path = a3; sourceTree = BUILT_PRODUCTS_DIR; };
		500ACAF028DCCBB000D74219 /* paint.cpp */ = {isa = PBXFileReference; fileEncoding = 4; lastKnownFileType = sourcecode.cpp.cpp; path = paint.cpp; sourceTree = "<group>"; };
		500ACAF128DCCBB000D74219 /* ooptool.cpp */ = {isa = PBXFileReference; fileEncoding = 4; lastKnownFileType = sourcecode.cpp.cpp; path = ooptool.cpp; sourceTree = "<group>"; };
		500ACAF228DCCBB000D74219 /* GraphicObject.h */ = {isa = PBXFileReference; fileEncoding = 4; lastKnownFileType = sourcecode.c.h; path = GraphicObject.h; sourceTree = "<group>"; };
		500ACAF328DCCBB000D74219 /* ooptool.h */ = {isa = PBXFileReference; fileEncoding = 4; lastKnownFileType = sourcecode.c.h; path = ooptool.h; sourceTree = "<group>"; };
		500ACAF428DCCBB000D74219 /* ooptoolg.h */ = {isa = PBXFileReference; fileEncoding = 4; lastKnownFileType = sourcecode.c.h; path = ooptoolg.h; sourceTree = "<group>"; };
		500ACAF528DCCBB000D74219 /* ooptoolg.cpp */ = {isa = PBXFileReference; fileEncoding = 4; lastKnownFileType = sourcecode.cpp.cpp; path = ooptoolg.cpp; sourceTree = "<group>"; };
		500ACAF628DCCBB000D74219 /* GraphicObject.cpp */ = {isa = PBXFileReference; fileEncoding = 4; lastKnownFileType = sourcecode.cpp.cpp; path = GraphicObject.cpp; sourceTree = "<group>"; };
/* End PBXFileReference section */

/* Begin PBXFrameworksBuildPhase section */
		500ACAE328DCCB3800D74219 /* Frameworks */ = {
			isa = PBXFrameworksBuildPhase;
			buildActionMask = 2147483647;
			files = (
			);
			runOnlyForDeploymentPostprocessing = 0;
		};
/* End PBXFrameworksBuildPhase section */

/* Begin PBXGroup section */
		500ACADD28DCCB3800D74219 = {
			isa = PBXGroup;
			children = (
				500ACAE828DCCB3800D74219 /* a3 */,
				500ACAE728DCCB3800D74219 /* Products */,
			);
			sourceTree = "<group>";
		};
		500ACAE728DCCB3800D74219 /* Products */ = {
			isa = PBXGroup;
			children = (
				500ACAE628DCCB3800D74219 /* a3 */,
			);
			name = Products;
			sourceTree = "<group>";
		};
		500ACAE828DCCB3800D74219 /* a3 */ = {
			isa = PBXGroup;
			children = (
				500ACAF628DCCBB000D74219 /* GraphicObject.cpp */,
				500ACAF228DCCBB000D74219 /* GraphicObject.h */,
				500ACAF128DCCBB000D74219 /* ooptool.cpp */,
				500ACAF328DCCBB000D74219 /* ooptool.h */,
				500ACAF528DCCBB000D74219 /* ooptoolg.cpp */,
				500ACAF428DCCBB000D74219 /* ooptoolg.h */,
				500ACAF028DCCBB000D74219 /* paint.cpp */,
			);
			path = a3;
			sourceTree = "<group>";
		};
/* End PBXGroup section */

/* Begin PBXNativeTarget section */
		500ACAE528DCCB3800D74219 /* a3 */ = {
			isa = PBXNativeTarget;
			buildConfigurationList = 500ACAED28DCCB3800D74219 /* Build configuration list for PBXNativeTarget "a3" */;
			buildPhases = (
				500ACAE228DCCB3800D74219 /* Sources */,
				500ACAE328DCCB3800D74219 /* Frameworks */,
				500ACAE428DCCB3800D74219 /* CopyFiles */,
			);
			buildRules = (
			);
			dependencies = (
			);
			name = a3;
			productName = a3;
			productReference = 500ACAE628DCCB3800D74219 /* a3 */;
			productType = "com.apple.product-type.tool";
		};
/* End PBXNativeTarget section */

/* Begin PBXProject section */
		500ACADE28DCCB3800D74219 /* Project object */ = {
			isa = PBXProject;
			attributes = {
				BuildIndependentTargetsInParallel = 1;
				LastUpgradeCheck = 1400;
				TargetAttributes = {
					500ACAE528DCCB3800D74219 = {
						CreatedOnToolsVersion = 14.0;
					};
				};
			};
			buildConfigurationList = 500ACAE128DCCB3800D74219 /* Build configuration list for PBXProject "a3" */;
			compatibilityVersion = "Xcode 14.0";
			developmentRegion = en;
			hasScannedForEncodings = 0;
			knownRegions = (
				en,
				Base,
			);
			mainGroup = 500ACADD28DCCB3800D74219;
			productRefGroup = 500ACAE728DCCB3800D74219 /* Products */;
			projectDirPath = "";
			projectRoot = "";
			targets = (
				500ACAE528DCCB3800D74219 /* a3 */,
			);
		};
/* End PBXProject section */

/* Begin PBXSourcesBuildPhase section */
		500ACAE228DCCB3800D74219 /* Sources */ = {
			isa = PBXSourcesBuildPhase;
			buildActionMask = 2147483647;
			files = (
				500ACAF928DCCBB000D74219 /* ooptoolg.cpp in Sources */,
				500ACAF828DCCBB000D74219 /* ooptool.cpp in Sources */,
				500ACAF728DCCBB000D74219 /* paint.cpp in Sources */,
				500ACAFA28DCCBB000D74219 /* GraphicObject.cpp in Sources */,
			);
			runOnlyForDeploymentPostprocessing = 0;
		};
/* End PBXSourcesBuildPhase section */

/* Begin XCBuildConfiguration section */
		500ACAEB28DCCB3800D74219 /* Debug */ = {
			isa = XCBuildConfiguration;
			buildSettings = {
				ALWAYS_SEARCH_USER_PATHS = NO;
				CLANG_ANALYZER_NONNULL = YES;
				CLANG_ANALYZER_NUMBER_OBJECT_CONVERSION = YES_AGGRESSIVE;
				CLANG_CXX_LANGUAGE_STANDARD = "gnu++20";
				CLANG_ENABLE_MODULES = YES;
				CLANG_ENABLE_OBJC_ARC = YES;
				CLANG_ENABLE_OBJC_WEAK = YES;
				CLANG_WARN_BLOCK_CAPTURE_AUTORELEASING = YES;
				CLANG_WARN_BOOL_CONVERSION = YES;
				CLANG_WARN_COMMA = YES;
				CLANG_WARN_CONSTANT_CONVERSION = YES;
				CLANG_WARN_DEPRECATED_OBJC_IMPLEMENTATIONS = YES;
				CLANG_WARN_DIRECT_OBJC_ISA_USAGE = YES_ERROR;
				CLANG_WARN_DOCUMENTATION_COMMENTS = YES;
				CLANG_WARN_EMPTY_BODY = YES;
				CLANG_WARN_ENUM_CONVERSION = YES;
				CLANG_WARN_INFINITE_RECURSION = YES;
				CLANG_WARN_INT_CONVERSION = YES;
				CLANG_WARN_NON_LITERAL_NULL_CONVERSION = YES;
				CLANG_WARN_OBJC_IMPLICIT_RETAIN_SELF = YES;
				CLANG_WARN_OBJC_LITERAL_CONVERSION = YES;
				CLANG_WARN_OBJC_ROOT_CLASS = YES_ERROR;
				CLANG_WARN_QUOTED_INCLUDE_IN_FRAMEWORK_HEADER = YES;
				CLANG_WARN_RANGE_LOOP_ANALYSIS = YES;
				CLANG_WARN_STRICT_PROTOTYPES = YES;
				CLANG_WARN_SUSPICIOUS_MOVE = YES;
				CLANG_WARN_UNGUARDED_AVAILABILITY = YES_AGGRESSIVE;
				CLANG_WARN_UNREACHABLE_CODE = YES;
				CLANG_WARN__DUPLICATE_METHOD_MATCH = YES;
				COPY_PHASE_STRIP = NO;
				DEBUG_INFORMATION_FORMAT = dwarf;
				ENABLE_STRICT_OBJC_MSGSEND = YES;
				ENABLE_TESTABILITY = YES;
				GCC_C_LANGUAGE_STANDARD = gnu11;
				GCC_DYNAMIC_NO_PIC = NO;
				GCC_NO_COMMON_BLOCKS = YES;
				GCC_OPTIMIZATION_LEVEL = 0;
				GCC_PREPROCESSOR_DEFINITIONS = (
					"DEBUG=1",
					"$(inherited)",
				);
				GCC_WARN_64_TO_32_BIT_CONVERSION = YES;
				GCC_WARN_ABOUT_RETURN_TYPE = YES_ERROR;
				GCC_WARN_UNDECLARED_SELECTOR = YES;
				GCC_WARN_UNINITIALIZED_AUTOS = YES_AGGRESSIVE;
				GCC_WARN_UNUSED_FUNCTION = YES;
				GCC_WARN_UNUSED_VARIABLE = YES;
				MACOSX_DEPLOYMENT_TARGET = 12.3;
				MTL_ENABLE_DEBUG_INFO = INCLUDE_SOURCE;
				MTL_FAST_MATH = YES;
				ONLY_ACTIVE_ARCH = YES;
				SDKROOT = macosx;
			};
			name = Debug;
		};
		500ACAEC28DCCB3800D74219 /* Release */ = {
			isa = XCBuildConfiguration;
			buildSettings = {
				ALWAYS_SEARCH_USER_PATHS = NO;
				CLANG_ANALYZER_NONNULL = YES;
				CLANG_ANALYZER_NUMBER_OBJECT_CONVERSION = YES_AGGRESSIVE;
				CLANG_CXX_LANGUAGE_STANDARD = "gnu++20";
				CLANG_ENABLE_MODULES = YES;
				CLANG_ENABLE_OBJC_ARC = YES;
				CLANG_ENABLE_OBJC_WEAK = YES;
				CLANG_WARN_BLOCK_CAPTURE_AUTORELEASING = YES;
				CLANG_WARN_BOOL_CONVERSION = YES;
				CLANG_WARN_COMMA = YES;
				CLANG_WARN_CONSTANT_CONVERSION = YES;
				CLANG_WARN_DEPRECATED_OBJC_IMPLEMENTATIONS = YES;
				CLANG_WARN_DIRECT_OBJC_ISA_USAGE = YES_ERROR;
				CLANG_WARN_DOCUMENTATION_COMMENTS = YES;
				CLANG_WARN_EMPTY_BODY = YES;
				CLANG_WARN_ENUM_CONVERSION = YES;
				CLANG_WARN_INFINITE_RECURSION = YES;
				CLANG_WARN_INT_CONVERSION = YES;
				CLANG_WARN_NON_LITERAL_NULL_CONVERSION = YES;
				CLANG_WARN_OBJC_IMPLICIT_RETAIN_SELF = YES;
				CLANG_WARN_OBJC_LITERAL_CONVERSION = YES;
				CLANG_WARN_OBJC_ROOT_CLASS = YES_ERROR;
				CLANG_WARN_QUOTED_INCLUDE_IN_FRAMEWORK_HEADER = YES;
				CLANG_WARN_RANGE_LOOP_ANALYSIS = YES;
				CLANG_WARN_STRICT_PROTOTYPES = YES;
				CLANG_WARN_SUSPICIOUS_MOVE = YES;
				CLANG_WARN_UNGUARDED_AVAILABILITY = YES_AGGRESSIVE;
				CLANG_WARN_UNREACHABLE_CODE = YES;
				CLANG_WARN__DUPLICATE_METHOD_MATCH = YES;
				COPY_PHASE_STRIP = NO;
				DEBUG_INFORMATION_FORMAT = "dwarf-with-dsym";
				ENABLE_NS_ASSERTIONS = NO;
				ENABLE_STRICT_OBJC_MSGSEND = YES;
				GCC_C_LANGUAGE_STANDARD = gnu11;
				GCC_NO_COMMON_BLOCKS = YES;
				GCC_WARN_64_TO_32_BIT_CONVERSION = YES;
				GCC_WARN_ABOUT_RETURN_TYPE = YES_ERROR;
				GCC_WARN_UNDECLARED_SELECTOR = YES;
				GCC_WARN_UNINITIALIZED_AUTOS = YES_AGGRESSIVE;
				GCC_WARN_UNUSED_FUNCTION = YES;
				GCC_WARN_UNUSED_VARIABLE = YES;
				MACOSX_DEPLOYMENT_TARGET = 12.3;
				MTL_ENABLE_DEBUG_INFO = NO;
				MTL_FAST_MATH = YES;
				SDKROOT = macosx;
			};
			name = Release;
		};
		500ACAEE28DCCB3800D74219 /* Debug */ = {
			isa = XCBuildConfiguration;
			buildSettings = {
				CODE_SIGN_STYLE = Automatic;
				DEVELOPMENT_TEAM = 9BEKQN7742;
				ENABLE_HARDENED_RUNTIME = YES;
				PRODUCT_NAME = "$(TARGET_NAME)";
			};
			name = Debug;
		};
		500ACAEF28DCCB3800D74219 /* Release */ = {
			isa = XCBuildConfiguration;
			buildSettings = {
				CODE_SIGN_STYLE = Automatic;
				DEVELOPMENT_TEAM = 9BEKQN7742;
				ENABLE_HARDENED_RUNTIME = YES;
				PRODUCT_NAME = "$(TARGET_NAME)";
			};
			name = Release;
		};
/* End XCBuildConfiguration section */

/* Begin XCConfigurationList section */
		500ACAE128DCCB3800D74219 /* Build configuration list for PBXProject "a3" */ = {
			isa = XCConfigurationList;
			buildConfigurations = (
				500ACAEB28DCCB3800D74219 /* Debug */,
				500ACAEC28DCCB3800D74219 /* Release */,
			);
			defaultConfigurationIsVisible = 0;
			defaultConfigurationName = Release;
		};
		500ACAED28DCCB3800D74219 /* Build configuration list for PBXNativeTarget "a3" */ = {
			isa = XCConfigurationList;
			buildConfigurations = (
				500ACAEE28DCCB3800D74219 /* Debug */,
				500ACAEF28DCCB3800D74219 /* Release */,
			);
			defaultConfigurationIsVisible = 0;
			defaultConfigurationName = Release;
		};
/* End XCConfigurationList section */
	};
	rootObject = 500ACADE28DCCB3800D74219 /* Project object */;
}
